
Microsoft Visual Studio Solution File, Format Version 12.00
# Visual Studio 15
VisualStudioVersion = 15.0.27703.2035
MinimumVisualStudioVersion = 10.0.40219.1
Project("{FAE04EC0-301F-11D3-BF4B-00C04F79EFBC}") = "VariableNaming", "VariableNaming\VariableNaming.csproj", "{242470A6-8540-4E57-8741-735AF41B8BFE}"
EndProject
Global
	GlobalSection(SolutionConfigurationPlatforms) = preSolution
		Debug|Any CPU = Debug|Any CPU
		Release|Any CPU = Release|Any CPU
	EndGlobalSection
	GlobalSection(ProjectConfigurationPlatforms) = postSolution
		{242470A6-8540-4E57-8741-735AF41B8BFE}.Debug|Any CPU.ActiveCfg = Debug|Any CPU
		{242470A6-8540-4E57-8741-735AF41B8BFE}.Debug|Any CPU.Build.0 = Debug|Any CPU
		{242470A6-8540-4E57-8741-735AF41B8BFE}.Release|Any CPU.ActiveCfg = Release|Any CPU
		{242470A6-8540-4E57-8741-735AF41B8BFE}.Release|Any CPU.Build.0 = Release|Any CPU
	EndGlobalSection
	GlobalSection(SolutionProperties) = preSolution
		HideSolutionNode = FALSE
	EndGlobalSection
	GlobalSection(ExtensibilityGlobals) = postSolution
		SolutionGuid = {956014F3-EC27-4051-B1D4-E67B8D833749}
	EndGlobalSection
EndGlobal
