
Microsoft Visual Studio Solution File, Format Version 12.00
# Visual Studio 15
VisualStudioVersion = 15.0.27703.2035
MinimumVisualStudioVersion = 10.0.40219.1
Project("{FAE04EC0-301F-11D3-BF4B-00C04F79EFBC}") = "MileToKilometers", "MileToKilometers\MileToKilometers.csproj", "{08427C84-DE7A-4F12-BDB8-0DAB9C1E1153}"
EndProject
Global
	GlobalSection(SolutionConfigurationPlatforms) = preSolution
		Debug|Any CPU = Debug|Any CPU
		Release|Any CPU = Release|Any CPU
	EndGlobalSection
	GlobalSection(ProjectConfigurationPlatforms) = postSolution
		{08427C84-DE7A-4F12-BDB8-0DAB9C1E1153}.Debug|Any CPU.ActiveCfg = Debug|Any CPU
		{08427C84-DE7A-4F12-BDB8-0DAB9C1E1153}.Debug|Any CPU.Build.0 = Debug|Any CPU
		{08427C84-DE7A-4F12-BDB8-0DAB9C1E1153}.Release|Any CPU.ActiveCfg = Release|Any CPU
		{08427C84-DE7A-4F12-BDB8-0DAB9C1E1153}.Release|Any CPU.Build.0 = Release|Any CPU
	EndGlobalSection
	GlobalSection(SolutionProperties) = preSolution
		HideSolutionNode = FALSE
	EndGlobalSection
	GlobalSection(ExtensibilityGlobals) = postSolution
		SolutionGuid = {05ABFC27-7D60-410B-89F4-FE32FCE12D9A}
	EndGlobalSection
EndGlobal
